// !$*UTF8*$!
{
	archiveVersion = 1;
	classes = {
	};
	objectVersion = 46;
	objects = {

/* Begin PBXBuildFile section */
		08BCC769353CC17F40A5B016 /* Pods_textdemoTests.framework in Frameworks */ = {isa = PBXBuildFile; fileRef = 0B06CE801CA36D01A19E2DB9 /* Pods_textdemoTests.framework */; };
		B9FDB4E11CD0AC9C00297488 /* CheckList.m in Sources */ = {isa = PBXBuildFile; fileRef = B9FDB4DA1CD0AC9C00297488 /* CheckList.m */; };
		B9FDB4E21CD0AC9C00297488 /* List.m in Sources */ = {isa = PBXBuildFile; fileRef = B9FDB4DC1CD0AC9C00297488 /* List.m */; };
		B9FDB4E31CD0AC9C00297488 /* OrderList.m in Sources */ = {isa = PBXBuildFile; fileRef = B9FDB4DE1CD0AC9C00297488 /* OrderList.m */; };
		B9FDB4E41CD0AC9C00297488 /* UnorderList.m in Sources */ = {isa = PBXBuildFile; fileRef = B9FDB4E01CD0AC9C00297488 /* UnorderList.m */; };
		B9FDB4EA1CD0ACBF00297488 /* ListController.m in Sources */ = {isa = PBXBuildFile; fileRef = B9FDB4E71CD0ACBF00297488 /* ListController.m */; };
		B9FDB4EB1CD0ACBF00297488 /* ViewController.m in Sources */ = {isa = PBXBuildFile; fileRef = B9FDB4E91CD0ACBF00297488 /* ViewController.m */; };
		B9FDB4EF1CD0ACDF00297488 /* LaunchScreen.storyboard in Resources */ = {isa = PBXBuildFile; fileRef = B9FDB4ED1CD0ACDF00297488 /* LaunchScreen.storyboard */; };
		B9FDB4F01CD0ACDF00297488 /* Main.storyboard in Resources */ = {isa = PBXBuildFile; fileRef = B9FDB4EE1CD0ACDF00297488 /* Main.storyboard */; };
		B9FDB4F31CD0B18100297488 /* StyleController.m in Sources */ = {isa = PBXBuildFile; fileRef = B9FDB4F21CD0B18100297488 /* StyleController.m */; };
		B9FDB4F71CD0B1B400297488 /* KeyBoardTopBar.m in Sources */ = {isa = PBXBuildFile; fileRef = B9FDB4F61CD0B1B400297488 /* KeyBoardTopBar.m */; };
		C11DBB32D23F155481F942AF /* Pods_textdemoUITests.framework in Frameworks */ = {isa = PBXBuildFile; fileRef = 6507007FB7B03BB5791B0248 /* Pods_textdemoUITests.framework */; };
		D09164961CBB7DF1004B7C0B /* main.m in Sources */ = {isa = PBXBuildFile; fileRef = D09164951CBB7DF1004B7C0B /* main.m */; };
		D09164991CBB7DF1004B7C0B /* AppDelegate.m in Sources */ = {isa = PBXBuildFile; fileRef = D09164981CBB7DF1004B7C0B /* AppDelegate.m */; };
		D09164A11CBB7DF1004B7C0B /* Assets.xcassets in Resources */ = {isa = PBXBuildFile; fileRef = D09164A01CBB7DF1004B7C0B /* Assets.xcassets */; };
		D09164AF1CBB7DF1004B7C0B /* textdemoTests.m in Sources */ = {isa = PBXBuildFile; fileRef = D09164AE1CBB7DF1004B7C0B /* textdemoTests.m */; };
		D09164BA1CBB7DF1004B7C0B /* textdemoUITests.m in Sources */ = {isa = PBXBuildFile; fileRef = D09164B91CBB7DF1004B7C0B /* textdemoUITests.m */; };
		EFEA44484B640D5CFC666C41 /* Pods_textdemo.framework in Frameworks */ = {isa = PBXBuildFile; fileRef = 2570F35DFA31E85A6CEA9872 /* Pods_textdemo.framework */; };
/* End PBXBuildFile section */

/* Begin PBXContainerItemProxy section */
		D09164AB1CBB7DF1004B7C0B /* PBXContainerItemProxy */ = {
			isa = PBXContainerItemProxy;
			containerPortal = D09164891CBB7DF1004B7C0B /* Project object */;
			proxyType = 1;
			remoteGlobalIDString = D09164901CBB7DF1004B7C0B;
			remoteInfo = textdemo;
		};
		D09164B61CBB7DF1004B7C0B /* PBXContainerItemProxy */ = {
			isa = PBXContainerItemProxy;
			containerPortal = D09164891CBB7DF1004B7C0B /* Project object */;
			proxyType = 1;
			remoteGlobalIDString = D09164901CBB7DF1004B7C0B;
			remoteInfo = textdemo;
		};
/* End PBXContainerItemProxy section */

/* Begin PBXFileReference section */
		08D3D0539EA7B6470816896E /* Pods-textdemoTests.release.xcconfig */ = {isa = PBXFileReference; includeInIndex = 1; lastKnownFileType = text.xcconfig; name = "Pods-textdemoTests.release.xcconfig"; path = "Pods/Target Support Files/Pods-textdemoTests/Pods-textdemoTests.release.xcconfig"; sourceTree = "<group>"; };
		0B06CE801CA36D01A19E2DB9 /* Pods_textdemoTests.framework */ = {isa = PBXFileReference; explicitFileType = wrapper.framework; includeInIndex = 0; path = Pods_textdemoTests.framework; sourceTree = BUILT_PRODUCTS_DIR; };
		20728D70E3B7AA911BCC8397 /* Pods-textdemo.release.xcconfig */ = {isa = PBXFileReference; includeInIndex = 1; lastKnownFileType = text.xcconfig; name = "Pods-textdemo.release.xcconfig"; path = "Pods/Target Support Files/Pods-textdemo/Pods-textdemo.release.xcconfig"; sourceTree = "<group>"; };
		2570F35DFA31E85A6CEA9872 /* Pods_textdemo.framework */ = {isa = PBXFileReference; explicitFileType = wrapper.framework; includeInIndex = 0; path = Pods_textdemo.framework; sourceTree = BUILT_PRODUCTS_DIR; };
		4448976F72FC6D293E1EC04D /* Pods-textdemoTests.debug.xcconfig */ = {isa = PBXFileReference; includeInIndex = 1; lastKnownFileType = text.xcconfig; name = "Pods-textdemoTests.debug.xcconfig"; path = "Pods/Target Support Files/Pods-textdemoTests/Pods-textdemoTests.debug.xcconfig"; sourceTree = "<group>"; };
		6507007FB7B03BB5791B0248 /* Pods_textdemoUITests.framework */ = {isa = PBXFileReference; explicitFileType = wrapper.framework; includeInIndex = 0; path = Pods_textdemoUITests.framework; sourceTree = BUILT_PRODUCTS_DIR; };
		86AFFAFC44424CA7B73F81E9 /* Pods-textdemoUITests.release.xcconfig */ = {isa = PBXFileReference; includeInIndex = 1; lastKnownFileType = text.xcconfig; name = "Pods-textdemoUITests.release.xcconfig"; path = "Pods/Target Support Files/Pods-textdemoUITests/Pods-textdemoUITests.release.xcconfig"; sourceTree = "<group>"; };
		B9FDB4D91CD0AC9C00297488 /* CheckList.h */ = {isa = PBXFileReference; fileEncoding = 4; lastKnownFileType = sourcecode.c.h; path = CheckList.h; sourceTree = "<group>"; };
		B9FDB4DA1CD0AC9C00297488 /* CheckList.m */ = {isa = PBXFileReference; fileEncoding = 4; lastKnownFileType = sourcecode.c.objc; path = CheckList.m; sourceTree = "<group>"; };
		B9FDB4DB1CD0AC9C00297488 /* List.h */ = {isa = PBXFileReference; fileEncoding = 4; lastKnownFileType = sourcecode.c.h; path = List.h; sourceTree = "<group>"; };
		B9FDB4DC1CD0AC9C00297488 /* List.m */ = {isa = PBXFileReference; fileEncoding = 4; lastKnownFileType = sourcecode.c.objc; path = List.m; sourceTree = "<group>"; };
		B9FDB4DD1CD0AC9C00297488 /* OrderList.h */ = {isa = PBXFileReference; fileEncoding = 4; lastKnownFileType = sourcecode.c.h; path = OrderList.h; sourceTree = "<group>"; };
		B9FDB4DE1CD0AC9C00297488 /* OrderList.m */ = {isa = PBXFileReference; fileEncoding = 4; lastKnownFileType = sourcecode.c.objc; path = OrderList.m; sourceTree = "<group>"; };
		B9FDB4DF1CD0AC9C00297488 /* UnorderList.h */ = {isa = PBXFileReference; fileEncoding = 4; lastKnownFileType = sourcecode.c.h; path = UnorderList.h; sourceTree = "<group>"; };
		B9FDB4E01CD0AC9C00297488 /* UnorderList.m */ = {isa = PBXFileReference; fileEncoding = 4; lastKnownFileType = sourcecode.c.objc; path = UnorderList.m; sourceTree = "<group>"; };
		B9FDB4E61CD0ACBF00297488 /* ListController.h */ = {isa = PBXFileReference; fileEncoding = 4; lastKnownFileType = sourcecode.c.h; path = ListController.h; sourceTree = "<group>"; };
		B9FDB4E71CD0ACBF00297488 /* ListController.m */ = {isa = PBXFileReference; fileEncoding = 4; lastKnownFileType = sourcecode.c.objc; path = ListController.m; sourceTree = "<group>"; };
		B9FDB4E81CD0ACBF00297488 /* ViewController.h */ = {isa = PBXFileReference; fileEncoding = 4; lastKnownFileType = sourcecode.c.h; path = ViewController.h; sourceTree = "<group>"; };
		B9FDB4E91CD0ACBF00297488 /* ViewController.m */ = {isa = PBXFileReference; fileEncoding = 4; lastKnownFileType = sourcecode.c.objc; path = ViewController.m; sourceTree = "<group>"; };
		B9FDB4ED1CD0ACDF00297488 /* LaunchScreen.storyboard */ = {isa = PBXFileReference; fileEncoding = 4; lastKnownFileType = file.storyboard; path = LaunchScreen.storyboard; sourceTree = "<group>"; };
		B9FDB4EE1CD0ACDF00297488 /* Main.storyboard */ = {isa = PBXFileReference; fileEncoding = 4; lastKnownFileType = file.storyboard; path = Main.storyboard; sourceTree = "<group>"; };
		B9FDB4F11CD0B18100297488 /* StyleController.h */ = {isa = PBXFileReference; fileEncoding = 4; lastKnownFileType = sourcecode.c.h; path = StyleController.h; sourceTree = "<group>"; };
		B9FDB4F21CD0B18100297488 /* StyleController.m */ = {isa = PBXFileReference; fileEncoding = 4; lastKnownFileType = sourcecode.c.objc; path = StyleController.m; sourceTree = "<group>"; };
		B9FDB4F51CD0B1B400297488 /* KeyboardTopBar.h */ = {isa = PBXFileReference; fileEncoding = 4; lastKnownFileType = sourcecode.c.h; path = KeyboardTopBar.h; sourceTree = "<group>"; };
		B9FDB4F61CD0B1B400297488 /* KeyBoardTopBar.m */ = {isa = PBXFileReference; fileEncoding = 4; lastKnownFileType = sourcecode.c.objc; path = KeyBoardTopBar.m; sourceTree = "<group>"; };
		D09164911CBB7DF1004B7C0B /* textdemo.app */ = {isa = PBXFileReference; explicitFileType = wrapper.application; includeInIndex = 0; path = textdemo.app; sourceTree = BUILT_PRODUCTS_DIR; };
		D09164951CBB7DF1004B7C0B /* main.m */ = {isa = PBXFileReference; lastKnownFileType = sourcecode.c.objc; path = main.m; sourceTree = "<group>"; };
		D09164971CBB7DF1004B7C0B /* AppDelegate.h */ = {isa = PBXFileReference; lastKnownFileType = sourcecode.c.h; path = AppDelegate.h; sourceTree = "<group>"; };
		D09164981CBB7DF1004B7C0B /* AppDelegate.m */ = {isa = PBXFileReference; lastKnownFileType = sourcecode.c.objc; path = AppDelegate.m; sourceTree = "<group>"; };
		D09164A01CBB7DF1004B7C0B /* Assets.xcassets */ = {isa = PBXFileReference; lastKnownFileType = folder.assetcatalog; path = Assets.xcassets; sourceTree = "<group>"; };
		D09164A51CBB7DF1004B7C0B /* Info.plist */ = {isa = PBXFileReference; lastKnownFileType = text.plist.xml; path = Info.plist; sourceTree = "<group>"; };
		D09164AA1CBB7DF1004B7C0B /* textdemoTests.xctest */ = {isa = PBXFileReference; explicitFileType = wrapper.cfbundle; includeInIndex = 0; path = textdemoTests.xctest; sourceTree = BUILT_PRODUCTS_DIR; };
		D09164AE1CBB7DF1004B7C0B /* textdemoTests.m */ = {isa = PBXFileReference; lastKnownFileType = sourcecode.c.objc; path = textdemoTests.m; sourceTree = "<group>"; };
		D09164B01CBB7DF1004B7C0B /* Info.plist */ = {isa = PBXFileReference; lastKnownFileType = text.plist.xml; path = Info.plist; sourceTree = "<group>"; };
		D09164B51CBB7DF1004B7C0B /* textdemoUITests.xctest */ = {isa = PBXFileReference; explicitFileType = wrapper.cfbundle; includeInIndex = 0; path = textdemoUITests.xctest; sourceTree = BUILT_PRODUCTS_DIR; };
		D09164B91CBB7DF1004B7C0B /* textdemoUITests.m */ = {isa = PBXFileReference; lastKnownFileType = sourcecode.c.objc; path = textdemoUITests.m; sourceTree = "<group>"; };
		D09164BB1CBB7DF1004B7C0B /* Info.plist */ = {isa = PBXFileReference; lastKnownFileType = text.plist.xml; path = Info.plist; sourceTree = "<group>"; };
		DA20D4309F668C20858A972B /* Pods-textdemoUITests.debug.xcconfig */ = {isa = PBXFileReference; includeInIndex = 1; lastKnownFileType = text.xcconfig; name = "Pods-textdemoUITests.debug.xcconfig"; path = "Pods/Target Support Files/Pods-textdemoUITests/Pods-textdemoUITests.debug.xcconfig"; sourceTree = "<group>"; };
		F136C5D540AF4381AC1CE9D5 /* Pods-textdemo.debug.xcconfig */ = {isa = PBXFileReference; includeInIndex = 1; lastKnownFileType = text.xcconfig; name = "Pods-textdemo.debug.xcconfig"; path = "Pods/Target Support Files/Pods-textdemo/Pods-textdemo.debug.xcconfig"; sourceTree = "<group>"; };
/* End PBXFileReference section */

/* Begin PBXFrameworksBuildPhase section */
		D091648E1CBB7DF1004B7C0B /* Frameworks */ = {
			isa = PBXFrameworksBuildPhase;
			buildActionMask = 2147483647;
			files = (
				EFEA44484B640D5CFC666C41 /* Pods_textdemo.framework in Frameworks */,
			);
			runOnlyForDeploymentPostprocessing = 0;
		};
		D09164A71CBB7DF1004B7C0B /* Frameworks */ = {
			isa = PBXFrameworksBuildPhase;
			buildActionMask = 2147483647;
			files = (
				08BCC769353CC17F40A5B016 /* Pods_textdemoTests.framework in Frameworks */,
			);
			runOnlyForDeploymentPostprocessing = 0;
		};
		D09164B21CBB7DF1004B7C0B /* Frameworks */ = {
			isa = PBXFrameworksBuildPhase;
			buildActionMask = 2147483647;
			files = (
				C11DBB32D23F155481F942AF /* Pods_textdemoUITests.framework in Frameworks */,
			);
			runOnlyForDeploymentPostprocessing = 0;
		};
/* End PBXFrameworksBuildPhase section */

/* Begin PBXGroup section */
		9F571121142A939750FE17D9 /* Frameworks */ = {
			isa = PBXGroup;
			children = (
				2570F35DFA31E85A6CEA9872 /* Pods_textdemo.framework */,
				0B06CE801CA36D01A19E2DB9 /* Pods_textdemoTests.framework */,
				6507007FB7B03BB5791B0248 /* Pods_textdemoUITests.framework */,
			);
			name = Frameworks;
			sourceTree = "<group>";
		};
		B9FDB4D81CD0AC9300297488 /* List */ = {
			isa = PBXGroup;
			children = (
				B9FDB4D91CD0AC9C00297488 /* CheckList.h */,
				B9FDB4DA1CD0AC9C00297488 /* CheckList.m */,
				B9FDB4DB1CD0AC9C00297488 /* List.h */,
				B9FDB4DC1CD0AC9C00297488 /* List.m */,
				B9FDB4DD1CD0AC9C00297488 /* OrderList.h */,
				B9FDB4DE1CD0AC9C00297488 /* OrderList.m */,
				B9FDB4DF1CD0AC9C00297488 /* UnorderList.h */,
				B9FDB4E01CD0AC9C00297488 /* UnorderList.m */,
			);
			path = List;
			sourceTree = "<group>";
		};
		B9FDB4E51CD0ACB100297488 /* Controller */ = {
			isa = PBXGroup;
			children = (
				B9FDB4F11CD0B18100297488 /* StyleController.h */,
				B9FDB4F21CD0B18100297488 /* StyleController.m */,
				B9FDB4E61CD0ACBF00297488 /* ListController.h */,
				B9FDB4E71CD0ACBF00297488 /* ListController.m */,
				B9FDB4E81CD0ACBF00297488 /* ViewController.h */,
				B9FDB4E91CD0ACBF00297488 /* ViewController.m */,
			);
			path = Controller;
			sourceTree = "<group>";
		};
		B9FDB4EC1CD0ACD700297488 /* Storyboard */ = {
			isa = PBXGroup;
			children = (
				B9FDB4ED1CD0ACDF00297488 /* LaunchScreen.storyboard */,
				B9FDB4EE1CD0ACDF00297488 /* Main.storyboard */,
			);
			path = Storyboard;
			sourceTree = "<group>";
		};
		B9FDB4F41CD0B1AC00297488 /* View */ = {
			isa = PBXGroup;
			children = (
				B9FDB4F51CD0B1B400297488 /* KeyboardTopBar.h */,
				B9FDB4F61CD0B1B400297488 /* KeyBoardTopBar.m */,
			);
			path = View;
			sourceTree = "<group>";
		};
		D09164881CBB7DF1004B7C0B = {
			isa = PBXGroup;
			children = (
				D09164931CBB7DF1004B7C0B /* textdemo */,
				D09164AD1CBB7DF1004B7C0B /* textdemoTests */,
				D09164B81CBB7DF1004B7C0B /* textdemoUITests */,
				D09164921CBB7DF1004B7C0B /* Products */,
				E7B9E53CA8D8943DA2B508D3 /* Pods */,
				9F571121142A939750FE17D9 /* Frameworks */,
			);
			sourceTree = "<group>";
		};
		D09164921CBB7DF1004B7C0B /* Products */ = {
			isa = PBXGroup;
			children = (
				D09164911CBB7DF1004B7C0B /* textdemo.app */,
				D09164AA1CBB7DF1004B7C0B /* textdemoTests.xctest */,
				D09164B51CBB7DF1004B7C0B /* textdemoUITests.xctest */,
			);
			name = Products;
			sourceTree = "<group>";
		};
		D09164931CBB7DF1004B7C0B /* textdemo */ = {
			isa = PBXGroup;
			children = (
				B9FDB4F41CD0B1AC00297488 /* View */,
				B9FDB4EC1CD0ACD700297488 /* Storyboard */,
				B9FDB4E51CD0ACB100297488 /* Controller */,
				B9FDB4D81CD0AC9300297488 /* List */,
				D09164971CBB7DF1004B7C0B /* AppDelegate.h */,
				D09164981CBB7DF1004B7C0B /* AppDelegate.m */,
				D09164A01CBB7DF1004B7C0B /* Assets.xcassets */,
				D09164941CBB7DF1004B7C0B /* Supporting Files */,
			);
			path = textdemo;
			sourceTree = "<group>";
		};
		D09164941CBB7DF1004B7C0B /* Supporting Files */ = {
			isa = PBXGroup;
			children = (
				D09164951CBB7DF1004B7C0B /* main.m */,
				D09164A51CBB7DF1004B7C0B /* Info.plist */,
			);
			name = "Supporting Files";
			sourceTree = "<group>";
		};
		D09164AD1CBB7DF1004B7C0B /* textdemoTests */ = {
			isa = PBXGroup;
			children = (
				D09164AE1CBB7DF1004B7C0B /* textdemoTests.m */,
				D09164B01CBB7DF1004B7C0B /* Info.plist */,
			);
			path = textdemoTests;
			sourceTree = "<group>";
		};
		D09164B81CBB7DF1004B7C0B /* textdemoUITests */ = {
			isa = PBXGroup;
			children = (
				D09164B91CBB7DF1004B7C0B /* textdemoUITests.m */,
				D09164BB1CBB7DF1004B7C0B /* Info.plist */,
			);
			path = textdemoUITests;
			sourceTree = "<group>";
		};
		E7B9E53CA8D8943DA2B508D3 /* Pods */ = {
			isa = PBXGroup;
			children = (
				F136C5D540AF4381AC1CE9D5 /* Pods-textdemo.debug.xcconfig */,
				20728D70E3B7AA911BCC8397 /* Pods-textdemo.release.xcconfig */,
				4448976F72FC6D293E1EC04D /* Pods-textdemoTests.debug.xcconfig */,
				08D3D0539EA7B6470816896E /* Pods-textdemoTests.release.xcconfig */,
				DA20D4309F668C20858A972B /* Pods-textdemoUITests.debug.xcconfig */,
				86AFFAFC44424CA7B73F81E9 /* Pods-textdemoUITests.release.xcconfig */,
			);
			name = Pods;
			sourceTree = "<group>";
		};
/* End PBXGroup section */

/* Begin PBXNativeTarget section */
		D09164901CBB7DF1004B7C0B /* textdemo */ = {
			isa = PBXNativeTarget;
			buildConfigurationList = D09164BE1CBB7DF1004B7C0B /* Build configuration list for PBXNativeTarget "textdemo" */;
			buildPhases = (
				0DC418D109C055CD0271A911 /* 📦 Check Pods Manifest.lock */,
				D091648D1CBB7DF1004B7C0B /* Sources */,
				D091648E1CBB7DF1004B7C0B /* Frameworks */,
				D091648F1CBB7DF1004B7C0B /* Resources */,
				58D6484512CF0D40FDED3156 /* 📦 Embed Pods Frameworks */,
				A18A3DCF60CE83FC274D7FC6 /* 📦 Copy Pods Resources */,
			);
			buildRules = (
			);
			dependencies = (
			);
			name = textdemo;
			productName = textdemo;
			productReference = D09164911CBB7DF1004B7C0B /* textdemo.app */;
			productType = "com.apple.product-type.application";
		};
		D09164A91CBB7DF1004B7C0B /* textdemoTests */ = {
			isa = PBXNativeTarget;
			buildConfigurationList = D09164C11CBB7DF1004B7C0B /* Build configuration list for PBXNativeTarget "textdemoTests" */;
			buildPhases = (
				CB87FABEB6103A2DAB3FEBB0 /* 📦 Check Pods Manifest.lock */,
				D09164A61CBB7DF1004B7C0B /* Sources */,
				D09164A71CBB7DF1004B7C0B /* Frameworks */,
				D09164A81CBB7DF1004B7C0B /* Resources */,
				51AE201F5BD1232F2FFF8AE5 /* 📦 Embed Pods Frameworks */,
				97D0778D6644F3468D38D73A /* 📦 Copy Pods Resources */,
			);
			buildRules = (
			);
			dependencies = (
				D09164AC1CBB7DF1004B7C0B /* PBXTargetDependency */,
			);
			name = textdemoTests;
			productName = textdemoTests;
			productReference = D09164AA1CBB7DF1004B7C0B /* textdemoTests.xctest */;
			productType = "com.apple.product-type.bundle.unit-test";
		};
		D09164B41CBB7DF1004B7C0B /* textdemoUITests */ = {
			isa = PBXNativeTarget;
			buildConfigurationList = D09164C41CBB7DF1004B7C0B /* Build configuration list for PBXNativeTarget "textdemoUITests" */;
			buildPhases = (
				CA4F16E8C6F6CD1837495F6F /* 📦 Check Pods Manifest.lock */,
				D09164B11CBB7DF1004B7C0B /* Sources */,
				D09164B21CBB7DF1004B7C0B /* Frameworks */,
				D09164B31CBB7DF1004B7C0B /* Resources */,
				1B006B861C6CEAF5459566BD /* 📦 Copy Pods Resources */,
			);
			buildRules = (
			);
			dependencies = (
				D09164B71CBB7DF1004B7C0B /* PBXTargetDependency */,
			);
			name = textdemoUITests;
			productName = textdemoUITests;
			productReference = D09164B51CBB7DF1004B7C0B /* textdemoUITests.xctest */;
			productType = "com.apple.product-type.bundle.ui-testing";
		};
/* End PBXNativeTarget section */

/* Begin PBXProject section */
		D09164891CBB7DF1004B7C0B /* Project object */ = {
			isa = PBXProject;
			attributes = {
				LastUpgradeCheck = 0730;
				ORGANIZATIONNAME = langker;
				TargetAttributes = {
					D09164901CBB7DF1004B7C0B = {
						CreatedOnToolsVersion = 7.3;
					};
					D09164A91CBB7DF1004B7C0B = {
						CreatedOnToolsVersion = 7.3;
						DevelopmentTeam = 29AVP9DE4V;
						TestTargetID = D09164901CBB7DF1004B7C0B;
					};
					D09164B41CBB7DF1004B7C0B = {
						CreatedOnToolsVersion = 7.3;
						DevelopmentTeam = 29AVP9DE4V;
						TestTargetID = D09164901CBB7DF1004B7C0B;
					};
				};
			};
			buildConfigurationList = D091648C1CBB7DF1004B7C0B /* Build configuration list for PBXProject "textdemo" */;
			compatibilityVersion = "Xcode 3.2";
			developmentRegion = English;
			hasScannedForEncodings = 0;
			knownRegions = (
				en,
				Base,
			);
			mainGroup = D09164881CBB7DF1004B7C0B;
			productRefGroup = D09164921CBB7DF1004B7C0B /* Products */;
			projectDirPath = "";
			projectRoot = "";
			targets = (
				D09164901CBB7DF1004B7C0B /* textdemo */,
				D09164A91CBB7DF1004B7C0B /* textdemoTests */,
				D09164B41CBB7DF1004B7C0B /* textdemoUITests */,
			);
		};
/* End PBXProject section */

/* Begin PBXResourcesBuildPhase section */
		D091648F1CBB7DF1004B7C0B /* Resources */ = {
			isa = PBXResourcesBuildPhase;
			buildActionMask = 2147483647;
			files = (
				B9FDB4F01CD0ACDF00297488 /* Main.storyboard in Resources */,
				D09164A11CBB7DF1004B7C0B /* Assets.xcassets in Resources */,
				B9FDB4EF1CD0ACDF00297488 /* LaunchScreen.storyboard in Resources */,
			);
			runOnlyForDeploymentPostprocessing = 0;
		};
		D09164A81CBB7DF1004B7C0B /* Resources */ = {
			isa = PBXResourcesBuildPhase;
			buildActionMask = 2147483647;
			files = (
			);
			runOnlyForDeploymentPostprocessing = 0;
		};
		D09164B31CBB7DF1004B7C0B /* Resources */ = {
			isa = PBXResourcesBuildPhase;
			buildActionMask = 2147483647;
			files = (
			);
			runOnlyForDeploymentPostprocessing = 0;
		};
/* End PBXResourcesBuildPhase section */

/* Begin PBXShellScriptBuildPhase section */
		0DC418D109C055CD0271A911 /* 📦 Check Pods Manifest.lock */ = {
			isa = PBXShellScriptBuildPhase;
			buildActionMask = 2147483647;
			files = (
			);
			inputPaths = (
			);
			name = "📦 Check Pods Manifest.lock";
			outputPaths = (
			);
			runOnlyForDeploymentPostprocessing = 0;
			shellPath = /bin/sh;
			shellScript = "diff \"${PODS_ROOT}/../Podfile.lock\" \"${PODS_ROOT}/Manifest.lock\" > /dev/null\nif [[ $? != 0 ]] ; then\n    cat << EOM\nerror: The sandbox is not in sync with the Podfile.lock. Run 'pod install' or update your CocoaPods installation.\nEOM\n    exit 1\nfi\n";
			showEnvVarsInLog = 0;
		};
		1B006B861C6CEAF5459566BD /* 📦 Copy Pods Resources */ = {
			isa = PBXShellScriptBuildPhase;
			buildActionMask = 2147483647;
			files = (
			);
			inputPaths = (
			);
			name = "📦 Copy Pods Resources";
			outputPaths = (
			);
			runOnlyForDeploymentPostprocessing = 0;
			shellPath = /bin/sh;
			shellScript = "\"${SRCROOT}/Pods/Target Support Files/Pods-textdemoUITests/Pods-textdemoUITests-resources.sh\"\n";
			showEnvVarsInLog = 0;
		};
		51AE201F5BD1232F2FFF8AE5 /* 📦 Embed Pods Frameworks */ = {
			isa = PBXShellScriptBuildPhase;
			buildActionMask = 2147483647;
			files = (
			);
			inputPaths = (
			);
			name = "📦 Embed Pods Frameworks";
			outputPaths = (
			);
			runOnlyForDeploymentPostprocessing = 0;
			shellPath = /bin/sh;
			shellScript = "\"${SRCROOT}/Pods/Target Support Files/Pods-textdemoTests/Pods-textdemoTests-frameworks.sh\"\n";
			showEnvVarsInLog = 0;
		};
		58D6484512CF0D40FDED3156 /* 📦 Embed Pods Frameworks */ = {
			isa = PBXShellScriptBuildPhase;
			buildActionMask = 2147483647;
			files = (
			);
			inputPaths = (
			);
			name = "📦 Embed Pods Frameworks";
			outputPaths = (
			);
			runOnlyForDeploymentPostprocessing = 0;
			shellPath = /bin/sh;
			shellScript = "\"${SRCROOT}/Pods/Target Support Files/Pods-textdemo/Pods-textdemo-frameworks.sh\"\n";
			showEnvVarsInLog = 0;
		};
		97D0778D6644F3468D38D73A /* 📦 Copy Pods Resources */ = {
			isa = PBXShellScriptBuildPhase;
			buildActionMask = 2147483647;
			files = (
			);
			inputPaths = (
			);
			name = "📦 Copy Pods Resources";
			outputPaths = (
			);
			runOnlyForDeploymentPostprocessing = 0;
			shellPath = /bin/sh;
			shellScript = "\"${SRCROOT}/Pods/Target Support Files/Pods-textdemoTests/Pods-textdemoTests-resources.sh\"\n";
			showEnvVarsInLog = 0;
		};
		A18A3DCF60CE83FC274D7FC6 /* 📦 Copy Pods Resources */ = {
			isa = PBXShellScriptBuildPhase;
			buildActionMask = 2147483647;
			files = (
			);
			inputPaths = (
			);
			name = "📦 Copy Pods Resources";
			outputPaths = (
			);
			runOnlyForDeploymentPostprocessing = 0;
			shellPath = /bin/sh;
			shellScript = "\"${SRCROOT}/Pods/Target Support Files/Pods-textdemo/Pods-textdemo-resources.sh\"\n";
			showEnvVarsInLog = 0;
		};
		CA4F16E8C6F6CD1837495F6F /* 📦 Check Pods Manifest.lock */ = {
			isa = PBXShellScriptBuildPhase;
			buildActionMask = 2147483647;
			files = (
			);
			inputPaths = (
			);
			name = "📦 Check Pods Manifest.lock";
			outputPaths = (
			);
			runOnlyForDeploymentPostprocessing = 0;
			shellPath = /bin/sh;
			shellScript = "diff \"${PODS_ROOT}/../Podfile.lock\" \"${PODS_ROOT}/Manifest.lock\" > /dev/null\nif [[ $? != 0 ]] ; then\n    cat << EOM\nerror: The sandbox is not in sync with the Podfile.lock. Run 'pod install' or update your CocoaPods installation.\nEOM\n    exit 1\nfi\n";
			showEnvVarsInLog = 0;
		};
		CB87FABEB6103A2DAB3FEBB0 /* 📦 Check Pods Manifest.lock */ = {
			isa = PBXShellScriptBuildPhase;
			buildActionMask = 2147483647;
			files = (
			);
			inputPaths = (
			);
			name = "📦 Check Pods Manifest.lock";
			outputPaths = (
			);
			runOnlyForDeploymentPostprocessing = 0;
			shellPath = /bin/sh;
			shellScript = "diff \"${PODS_ROOT}/../Podfile.lock\" \"${PODS_ROOT}/Manifest.lock\" > /dev/null\nif [[ $? != 0 ]] ; then\n    cat << EOM\nerror: The sandbox is not in sync with the Podfile.lock. Run 'pod install' or update your CocoaPods installation.\nEOM\n    exit 1\nfi\n";
			showEnvVarsInLog = 0;
		};
/* End PBXShellScriptBuildPhase section */

/* Begin PBXSourcesBuildPhase section */
		D091648D1CBB7DF1004B7C0B /* Sources */ = {
			isa = PBXSourcesBuildPhase;
			buildActionMask = 2147483647;
			files = (
				B9FDB4E41CD0AC9C00297488 /* UnorderList.m in Sources */,
				B9FDB4EA1CD0ACBF00297488 /* ListController.m in Sources */,
				B9FDB4F31CD0B18100297488 /* StyleController.m in Sources */,
				B9FDB4EB1CD0ACBF00297488 /* ViewController.m in Sources */,
				B9FDB4E11CD0AC9C00297488 /* CheckList.m in Sources */,
				D09164991CBB7DF1004B7C0B /* AppDelegate.m in Sources */,
				B9FDB4F71CD0B1B400297488 /* KeyBoardTopBar.m in Sources */,
				B9FDB4E31CD0AC9C00297488 /* OrderList.m in Sources */,
				B9FDB4E21CD0AC9C00297488 /* List.m in Sources */,
				D09164961CBB7DF1004B7C0B /* main.m in Sources */,
			);
			runOnlyForDeploymentPostprocessing = 0;
		};
		D09164A61CBB7DF1004B7C0B /* Sources */ = {
			isa = PBXSourcesBuildPhase;
			buildActionMask = 2147483647;
			files = (
				D09164AF1CBB7DF1004B7C0B /* textdemoTests.m in Sources */,
			);
			runOnlyForDeploymentPostprocessing = 0;
		};
		D09164B11CBB7DF1004B7C0B /* Sources */ = {
			isa = PBXSourcesBuildPhase;
			buildActionMask = 2147483647;
			files = (
				D09164BA1CBB7DF1004B7C0B /* textdemoUITests.m in Sources */,
			);
			runOnlyForDeploymentPostprocessing = 0;
		};
/* End PBXSourcesBuildPhase section */

/* Begin PBXTargetDependency section */
		D09164AC1CBB7DF1004B7C0B /* PBXTargetDependency */ = {
			isa = PBXTargetDependency;
			target = D09164901CBB7DF1004B7C0B /* textdemo */;
			targetProxy = D09164AB1CBB7DF1004B7C0B /* PBXContainerItemProxy */;
		};
		D09164B71CBB7DF1004B7C0B /* PBXTargetDependency */ = {
			isa = PBXTargetDependency;
			target = D09164901CBB7DF1004B7C0B /* textdemo */;
			targetProxy = D09164B61CBB7DF1004B7C0B /* PBXContainerItemProxy */;
		};
/* End PBXTargetDependency section */

/* Begin XCBuildConfiguration section */
		D09164BC1CBB7DF1004B7C0B /* Debug */ = {
			isa = XCBuildConfiguration;
			buildSettings = {
				ALWAYS_SEARCH_USER_PATHS = NO;
				CLANG_ANALYZER_NONNULL = YES;
				CLANG_CXX_LANGUAGE_STANDARD = "gnu++0x";
				CLANG_CXX_LIBRARY = "libc++";
				CLANG_ENABLE_MODULES = YES;
				CLANG_ENABLE_OBJC_ARC = YES;
				CLANG_WARN_BOOL_CONVERSION = YES;
				CLANG_WARN_CONSTANT_CONVERSION = YES;
				CLANG_WARN_DIRECT_OBJC_ISA_USAGE = YES_ERROR;
				CLANG_WARN_EMPTY_BODY = YES;
				CLANG_WARN_ENUM_CONVERSION = YES;
				CLANG_WARN_INT_CONVERSION = YES;
				CLANG_WARN_OBJC_ROOT_CLASS = YES_ERROR;
				CLANG_WARN_UNREACHABLE_CODE = YES;
				CLANG_WARN__DUPLICATE_METHOD_MATCH = YES;
				"CODE_SIGN_IDENTITY[sdk=iphoneos*]" = "iPhone Developer";
				COPY_PHASE_STRIP = NO;
				DEBUG_INFORMATION_FORMAT = dwarf;
				ENABLE_STRICT_OBJC_MSGSEND = YES;
				ENABLE_TESTABILITY = YES;
				GCC_C_LANGUAGE_STANDARD = gnu99;
				GCC_DYNAMIC_NO_PIC = NO;
				GCC_NO_COMMON_BLOCKS = YES;
				GCC_OPTIMIZATION_LEVEL = 0;
				GCC_PREPROCESSOR_DEFINITIONS = (
					"DEBUG=1",
					"$(inherited)",
				);
				GCC_WARN_64_TO_32_BIT_CONVERSION = YES;
				GCC_WARN_ABOUT_RETURN_TYPE = YES_ERROR;
				GCC_WARN_UNDECLARED_SELECTOR = YES;
				GCC_WARN_UNINITIALIZED_AUTOS = YES_AGGRESSIVE;
				GCC_WARN_UNUSED_FUNCTION = YES;
				GCC_WARN_UNUSED_VARIABLE = YES;
				IPHONEOS_DEPLOYMENT_TARGET = 9.3;
				MTL_ENABLE_DEBUG_INFO = YES;
				ONLY_ACTIVE_ARCH = YES;
				SDKROOT = iphoneos;
			};
			name = Debug;
		};
		D09164BD1CBB7DF1004B7C0B /* Release */ = {
			isa = XCBuildConfiguration;
			buildSettings = {
				ALWAYS_SEARCH_USER_PATHS = NO;
				CLANG_ANALYZER_NONNULL = YES;
				CLANG_CXX_LANGUAGE_STANDARD = "gnu++0x";
				CLANG_CXX_LIBRARY = "libc++";
				CLANG_ENABLE_MODULES = YES;
				CLANG_ENABLE_OBJC_ARC = YES;
				CLANG_WARN_BOOL_CONVERSION = YES;
				CLANG_WARN_CONSTANT_CONVERSION = YES;
				CLANG_WARN_DIRECT_OBJC_ISA_USAGE = YES_ERROR;
				CLANG_WARN_EMPTY_BODY = YES;
				CLANG_WARN_ENUM_CONVERSION = YES;
				CLANG_WARN_INT_CONVERSION = YES;
				CLANG_WARN_OBJC_ROOT_CLASS = YES_ERROR;
				CLANG_WARN_UNREACHABLE_CODE = YES;
				CLANG_WARN__DUPLICATE_METHOD_MATCH = YES;
				"CODE_SIGN_IDENTITY[sdk=iphoneos*]" = "iPhone Developer";
				COPY_PHASE_STRIP = NO;
				DEBUG_INFORMATION_FORMAT = "dwarf-with-dsym";
				ENABLE_NS_ASSERTIONS = NO;
				ENABLE_STRICT_OBJC_MSGSEND = YES;
				GCC_C_LANGUAGE_STANDARD = gnu99;
				GCC_NO_COMMON_BLOCKS = YES;
				GCC_WARN_64_TO_32_BIT_CONVERSION = YES;
				GCC_WARN_ABOUT_RETURN_TYPE = YES_ERROR;
				GCC_WARN_UNDECLARED_SELECTOR = YES;
				GCC_WARN_UNINITIALIZED_AUTOS = YES_AGGRESSIVE;
				GCC_WARN_UNUSED_FUNCTION = YES;
				GCC_WARN_UNUSED_VARIABLE = YES;
				IPHONEOS_DEPLOYMENT_TARGET = 9.3;
				MTL_ENABLE_DEBUG_INFO = NO;
				SDKROOT = iphoneos;
				VALIDATE_PRODUCT = YES;
			};
			name = Release;
		};
		D09164BF1CBB7DF1004B7C0B /* Debug */ = {
			isa = XCBuildConfiguration;
			baseConfigurationReference = F136C5D540AF4381AC1CE9D5 /* Pods-textdemo.debug.xcconfig */;
			buildSettings = {
				ASSETCATALOG_COMPILER_APPICON_NAME = AppIcon;
				CLANG_ENABLE_OBJC_ARC = YES;
				CODE_SIGN_IDENTITY = "iPhone Developer";
				INFOPLIST_FILE = textdemo/Info.plist;
				LD_RUNPATH_SEARCH_PATHS = "$(inherited) @executable_path/Frameworks";
				PRODUCT_BUNDLE_IDENTIFIER = me.langker.textdemo;
				PRODUCT_NAME = "$(TARGET_NAME)";
			};
			name = Debug;
		};
		D09164C01CBB7DF1004B7C0B /* Release */ = {
			isa = XCBuildConfiguration;
			baseConfigurationReference = 20728D70E3B7AA911BCC8397 /* Pods-textdemo.release.xcconfig */;
			buildSettings = {
				ASSETCATALOG_COMPILER_APPICON_NAME = AppIcon;
				CLANG_ENABLE_OBJC_ARC = YES;
				CODE_SIGN_IDENTITY = "iPhone Developer";
				INFOPLIST_FILE = textdemo/Info.plist;
				LD_RUNPATH_SEARCH_PATHS = "$(inherited) @executable_path/Frameworks";
				PRODUCT_BUNDLE_IDENTIFIER = me.langker.textdemo;
				PRODUCT_NAME = "$(TARGET_NAME)";
			};
			name = Release;
		};
		D09164C21CBB7DF1004B7C0B /* Debug */ = {
			isa = XCBuildConfiguration;
			baseConfigurationReference = 4448976F72FC6D293E1EC04D /* Pods-textdemoTests.debug.xcconfig */;
			buildSettings = {
				BUNDLE_LOADER = "$(TEST_HOST)";
				INFOPLIST_FILE = textdemoTests/Info.plist;
				LD_RUNPATH_SEARCH_PATHS = "$(inherited) @executable_path/Frameworks @loader_path/Frameworks";
				PRODUCT_BUNDLE_IDENTIFIER = me.langker.textdemoTests;
				PRODUCT_NAME = "$(TARGET_NAME)";
				TEST_HOST = "$(BUILT_PRODUCTS_DIR)/textdemo.app/textdemo";
			};
			name = Debug;
		};
		D09164C31CBB7DF1004B7C0B /* Release */ = {
			isa = XCBuildConfiguration;
			baseConfigurationReference = 08D3D0539EA7B6470816896E /* Pods-textdemoTests.release.xcconfig */;
			buildSettings = {
				BUNDLE_LOADER = "$(TEST_HOST)";
				INFOPLIST_FILE = textdemoTests/Info.plist;
				LD_RUNPATH_SEARCH_PATHS = "$(inherited) @executable_path/Frameworks @loader_path/Frameworks";
				PRODUCT_BUNDLE_IDENTIFIER = me.langker.textdemoTests;
				PRODUCT_NAME = "$(TARGET_NAME)";
				TEST_HOST = "$(BUILT_PRODUCTS_DIR)/textdemo.app/textdemo";
			};
			name = Release;
		};
		D09164C51CBB7DF1004B7C0B /* Debug */ = {
			isa = XCBuildConfiguration;
			baseConfigurationReference = DA20D4309F668C20858A972B /* Pods-textdemoUITests.debug.xcconfig */;
			buildSettings = {
				INFOPLIST_FILE = textdemoUITests/Info.plist;
				LD_RUNPATH_SEARCH_PATHS = "$(inherited) @executable_path/Frameworks @loader_path/Frameworks";
				PRODUCT_BUNDLE_IDENTIFIER = me.langker.textdemoUITests;
				PRODUCT_NAME = "$(TARGET_NAME)";
				TEST_TARGET_NAME = textdemo;
			};
			name = Debug;
		};
		D09164C61CBB7DF1004B7C0B /* Release */ = {
			isa = XCBuildConfiguration;
			baseConfigurationReference = 86AFFAFC44424CA7B73F81E9 /* Pods-textdemoUITests.release.xcconfig */;
			buildSettings = {
				INFOPLIST_FILE = textdemoUITests/Info.plist;
				LD_RUNPATH_SEARCH_PATHS = "$(inherited) @executable_path/Frameworks @loader_path/Frameworks";
				PRODUCT_BUNDLE_IDENTIFIER = me.langker.textdemoUITests;
				PRODUCT_NAME = "$(TARGET_NAME)";
				TEST_TARGET_NAME = textdemo;
			};
			name = Release;
		};
/* End XCBuildConfiguration section */

/* Begin XCConfigurationList section */
		D091648C1CBB7DF1004B7C0B /* Build configuration list for PBXProject "textdemo" */ = {
			isa = XCConfigurationList;
			buildConfigurations = (
				D09164BC1CBB7DF1004B7C0B /* Debug */,
				D09164BD1CBB7DF1004B7C0B /* Release */,
			);
			defaultConfigurationIsVisible = 0;
			defaultConfigurationName = Release;
		};
		D09164BE1CBB7DF1004B7C0B /* Build configuration list for PBXNativeTarget "textdemo" */ = {
			isa = XCConfigurationList;
			buildConfigurations = (
				D09164BF1CBB7DF1004B7C0B /* Debug */,
				D09164C01CBB7DF1004B7C0B /* Release */,
			);
			defaultConfigurationIsVisible = 0;
			defaultConfigurationName = Release;
		};
		D09164C11CBB7DF1004B7C0B /* Build configuration list for PBXNativeTarget "textdemoTests" */ = {
			isa = XCConfigurationList;
			buildConfigurations = (
				D09164C21CBB7DF1004B7C0B /* Debug */,
				D09164C31CBB7DF1004B7C0B /* Release */,
			);
			defaultConfigurationIsVisible = 0;
			defaultConfigurationName = Release;
		};
		D09164C41CBB7DF1004B7C0B /* Build configuration list for PBXNativeTarget "textdemoUITests" */ = {
			isa = XCConfigurationList;
			buildConfigurations = (
				D09164C51CBB7DF1004B7C0B /* Debug */,
				D09164C61CBB7DF1004B7C0B /* Release */,
			);
			defaultConfigurationIsVisible = 0;
			defaultConfigurationName = Release;
		};
/* End XCConfigurationList section */
	};
	rootObject = D09164891CBB7DF1004B7C0B /* Project object */;
}
